
Microsoft Visual Studio Solution File, Format Version 12.00
# Visual Studio Version 16
VisualStudioVersion = 16.0.32106.194
MinimumVisualStudioVersion = 10.0.40219.1
Project("{FAE04EC0-301F-11D3-BF4B-00C04F79EFBC}") = "Ungdungminhhoa", "Ungdungminhhoa\Ungdungminhhoa.csproj", "{16360CB1-6FF5-48EE-99BA-DC8F730D3B0F}"
EndProject
Global
	GlobalSection(SolutionConfigurationPlatforms) = preSolution
		Debug|Any CPU = Debug|Any CPU
		Release|Any CPU = Release|Any CPU
	EndGlobalSection
	GlobalSection(ProjectConfigurationPlatforms) = postSolution
		{16360CB1-6FF5-48EE-99BA-DC8F730D3B0F}.Debug|Any CPU.ActiveCfg = Debug|Any CPU
		{16360CB1-6FF5-48EE-99BA-DC8F730D3B0F}.Debug|Any CPU.Build.0 = Debug|Any CPU
		{16360CB1-6FF5-48EE-99BA-DC8F730D3B0F}.Release|Any CPU.ActiveCfg = Release|Any CPU
		{16360CB1-6FF5-48EE-99BA-DC8F730D3B0F}.Release|Any CPU.Build.0 = Release|Any CPU
	EndGlobalSection
	GlobalSection(SolutionProperties) = preSolution
		HideSolutionNode = FALSE
	EndGlobalSection
	GlobalSection(ExtensibilityGlobals) = postSolution
		SolutionGuid = {35F0F43C-52AB-4B0C-AA3B-2BC87F6284D0}
	EndGlobalSection
EndGlobal
